
Microsoft Visual Studio Solution File, Format Version 12.00
# Visual Studio Version 17
VisualStudioVersion = 17.14.36414.22 d17.14
MinimumVisualStudioVersion = 10.0.40219.1
Project("{FAE04EC0-301F-11D3-BF4B-00C04F79EFBC}") = "ABCRetailWebApp", "ABCRetailWebApp\ABCRetailWebApp.csproj", "{BE53D05B-10A3-446D-82ED-4B6AA822226E}"
EndProject
Global
	GlobalSection(SolutionConfigurationPlatforms) = preSolution
		Debug|Any CPU = Debug|Any CPU
		Release|Any CPU = Release|Any CPU
	EndGlobalSection
	GlobalSection(ProjectConfigurationPlatforms) = postSolution
		{BE53D05B-10A3-446D-82ED-4B6AA822226E}.Debug|Any CPU.ActiveCfg = Debug|Any CPU
		{BE53D05B-10A3-446D-82ED-4B6AA822226E}.Debug|Any CPU.Build.0 = Debug|Any CPU
		{BE53D05B-10A3-446D-82ED-4B6AA822226E}.Release|Any CPU.ActiveCfg = Release|Any CPU
		{BE53D05B-10A3-446D-82ED-4B6AA822226E}.Release|Any CPU.Build.0 = Release|Any CPU
	EndGlobalSection
	GlobalSection(SolutionProperties) = preSolution
		HideSolutionNode = FALSE
	EndGlobalSection
	GlobalSection(ExtensibilityGlobals) = postSolution
		SolutionGuid = {1FDF9179-1EAD-4068-90C9-E0D4EE96A675}
	EndGlobalSection
EndGlobal
